
Microsoft Visual Studio Solution File, Format Version 12.00
# Visual Studio Version 17
VisualStudioVersion = 17.3.32901.215
MinimumVisualStudioVersion = 10.0.40219.1
Project("{FAE04EC0-301F-11D3-BF4B-00C04F79EFBC}") = "Week6_TODO-APP", "Week6_TODO-APP\Week6_TODO-APP.csproj", "{3452069F-6D97-43E0-9472-3BDE91AF3D37}"
EndProject
Global
	GlobalSection(SolutionConfigurationPlatforms) = preSolution
		Debug|Any CPU = Debug|Any CPU
		Release|Any CPU = Release|Any CPU
	EndGlobalSection
	GlobalSection(ProjectConfigurationPlatforms) = postSolution
		{3452069F-6D97-43E0-9472-3BDE91AF3D37}.Debug|Any CPU.ActiveCfg = Debug|Any CPU
		{3452069F-6D97-43E0-9472-3BDE91AF3D37}.Debug|Any CPU.Build.0 = Debug|Any CPU
		{3452069F-6D97-43E0-9472-3BDE91AF3D37}.Release|Any CPU.ActiveCfg = Release|Any CPU
		{3452069F-6D97-43E0-9472-3BDE91AF3D37}.Release|Any CPU.Build.0 = Release|Any CPU
	EndGlobalSection
	GlobalSection(SolutionProperties) = preSolution
		HideSolutionNode = FALSE
	EndGlobalSection
	GlobalSection(ExtensibilityGlobals) = postSolution
		SolutionGuid = {18AAC102-1B34-49B5-BA67-6EF56DCAC657}
	EndGlobalSection
EndGlobal
